
Microsoft Visual Studio Solution File, Format Version 12.00
# Visual Studio Version 17
VisualStudioVersion = 17.3.32804.467
MinimumVisualStudioVersion = 10.0.40219.1
Project("{9A19103F-16F7-4668-BE54-9A1E7A4F7556}") = "Calculator", "Calculator\Calculator.csproj", "{FD4510DA-7ACF-4E85-860C-32C2830859D1}"
EndProject
Project("{9A19103F-16F7-4668-BE54-9A1E7A4F7556}") = "CalculatorTests", "CalculatorTests\CalculatorTests.csproj", "{A4D928A8-8429-4C57-87D9-536CAF69595D}"
EndProject
Global
	GlobalSection(SolutionConfigurationPlatforms) = preSolution
		Debug|Any CPU = Debug|Any CPU
		Release|Any CPU = Release|Any CPU
	EndGlobalSection
	GlobalSection(ProjectConfigurationPlatforms) = postSolution
		{FD4510DA-7ACF-4E85-860C-32C2830859D1}.Debug|Any CPU.ActiveCfg = Debug|Any CPU
		{FD4510DA-7ACF-4E85-860C-32C2830859D1}.Debug|Any CPU.Build.0 = Debug|Any CPU
		{FD4510DA-7ACF-4E85-860C-32C2830859D1}.Release|Any CPU.ActiveCfg = Release|Any CPU
		{FD4510DA-7ACF-4E85-860C-32C2830859D1}.Release|Any CPU.Build.0 = Release|Any CPU
		{A4D928A8-8429-4C57-87D9-536CAF69595D}.Debug|Any CPU.ActiveCfg = Debug|Any CPU
		{A4D928A8-8429-4C57-87D9-536CAF69595D}.Debug|Any CPU.Build.0 = Debug|Any CPU
		{A4D928A8-8429-4C57-87D9-536CAF69595D}.Release|Any CPU.ActiveCfg = Release|Any CPU
		{A4D928A8-8429-4C57-87D9-536CAF69595D}.Release|Any CPU.Build.0 = Release|Any CPU
	EndGlobalSection
	GlobalSection(SolutionProperties) = preSolution
		HideSolutionNode = FALSE
	EndGlobalSection
	GlobalSection(ExtensibilityGlobals) = postSolution
		SolutionGuid = {C401611D-F38D-41FC-8E49-5D8DD7EBE8A4}
	EndGlobalSection
EndGlobal
